
Microsoft Visual Studio Solution File, Format Version 12.00
# Visual Studio Version 17
VisualStudioVersion = 17.7.34009.444
MinimumVisualStudioVersion = 10.0.40219.1
Project("{FAE04EC0-301F-11D3-BF4B-00C04F79EFBC}") = "3.2Uzduotis_Array", "3.2Uzduotis_Array\3.2Uzduotis_Array.csproj", "{690736BF-56BC-41F7-A526-C89770AD6672}"
EndProject
Global
	GlobalSection(SolutionConfigurationPlatforms) = preSolution
		Debug|Any CPU = Debug|Any CPU
		Release|Any CPU = Release|Any CPU
	EndGlobalSection
	GlobalSection(ProjectConfigurationPlatforms) = postSolution
		{690736BF-56BC-41F7-A526-C89770AD6672}.Debug|Any CPU.ActiveCfg = Debug|Any CPU
		{690736BF-56BC-41F7-A526-C89770AD6672}.Debug|Any CPU.Build.0 = Debug|Any CPU
		{690736BF-56BC-41F7-A526-C89770AD6672}.Release|Any CPU.ActiveCfg = Release|Any CPU
		{690736BF-56BC-41F7-A526-C89770AD6672}.Release|Any CPU.Build.0 = Release|Any CPU
	EndGlobalSection
	GlobalSection(SolutionProperties) = preSolution
		HideSolutionNode = FALSE
	EndGlobalSection
	GlobalSection(ExtensibilityGlobals) = postSolution
		SolutionGuid = {41D3157D-6F71-45A7-8367-C76AA2E2158A}
	EndGlobalSection
EndGlobal
